
Microsoft Visual Studio Solution File, Format Version 12.00
# Visual Studio Version 17
VisualStudioVersion = 17.0.31903.59
MinimumVisualStudioVersion = 10.0.40219.1
Project("{9A19103F-16F7-4668-BE54-9A1E7A4F7556}") = "ExamManager", "ExamManager\ExamManager.csproj", "{7ACD4A4C-80FC-4A5F-A293-6553F6B8C49F}"
EndProject
Project("{FAE04EC0-301F-11D3-BF4B-00C04F79EFBC}") = "ExamManager.Tests", "ExamManager.Tests\ExamManager.Tests.csproj", "{B3B628A9-7BEC-442F-9E19-DF8859A34045}"
EndProject
Global
	GlobalSection(SolutionConfigurationPlatforms) = preSolution
		Debug|Any CPU = Debug|Any CPU
		Release|Any CPU = Release|Any CPU
	EndGlobalSection
	GlobalSection(ProjectConfigurationPlatforms) = postSolution
		{7ACD4A4C-80FC-4A5F-A293-6553F6B8C49F}.Debug|Any CPU.ActiveCfg = Debug|Any CPU
		{7ACD4A4C-80FC-4A5F-A293-6553F6B8C49F}.Debug|Any CPU.Build.0 = Debug|Any CPU
		{7ACD4A4C-80FC-4A5F-A293-6553F6B8C49F}.Release|Any CPU.ActiveCfg = Release|Any CPU
		{7ACD4A4C-80FC-4A5F-A293-6553F6B8C49F}.Release|Any CPU.Build.0 = Release|Any CPU
		{B3B628A9-7BEC-442F-9E19-DF8859A34045}.Debug|Any CPU.ActiveCfg = Debug|Any CPU
		{B3B628A9-7BEC-442F-9E19-DF8859A34045}.Debug|Any CPU.Build.0 = Debug|Any CPU
		{B3B628A9-7BEC-442F-9E19-DF8859A34045}.Release|Any CPU.ActiveCfg = Release|Any CPU
		{B3B628A9-7BEC-442F-9E19-DF8859A34045}.Release|Any CPU.Build.0 = Release|Any CPU
	EndGlobalSection
	GlobalSection(SolutionProperties) = preSolution
		HideSolutionNode = FALSE
	EndGlobalSection
	GlobalSection(ExtensibilityGlobals) = postSolution
		SolutionGuid = {01620A91-DC2F-4606-B49E-F2D30EE3FA9E}
	EndGlobalSection
EndGlobal
